
Microsoft Visual Studio Solution File, Format Version 12.00
# Visual Studio Version 17
VisualStudioVersion = 17.6.33829.357
MinimumVisualStudioVersion = 10.0.40219.1
Project("{8BC9CEB8-8B4A-11D0-8D11-00A0C91BC942}") = "Victim", "Victim.vcxproj", "{01939301-8BDA-445B-9B83-9761B2E149BE}"
EndProject
Global
	GlobalSection(SolutionConfigurationPlatforms) = preSolution
		Debug|x64 = Debug|x64
		Debug|x86 = Debug|x86
		Release|x64 = Release|x64
		Release|x86 = Release|x86
	EndGlobalSection
	GlobalSection(ProjectConfigurationPlatforms) = postSolution
		{01939301-8BDA-445B-9B83-9761B2E149BE}.Debug|x64.ActiveCfg = Debug|x64
		{01939301-8BDA-445B-9B83-9761B2E149BE}.Debug|x64.Build.0 = Debug|x64
		{01939301-8BDA-445B-9B83-9761B2E149BE}.Debug|x86.ActiveCfg = Debug|Win32
		{01939301-8BDA-445B-9B83-9761B2E149BE}.Debug|x86.Build.0 = Debug|Win32
		{01939301-8BDA-445B-9B83-9761B2E149BE}.Release|x64.ActiveCfg = Release|x64
		{01939301-8BDA-445B-9B83-9761B2E149BE}.Release|x64.Build.0 = Release|x64
		{01939301-8BDA-445B-9B83-9761B2E149BE}.Release|x86.ActiveCfg = Release|Win32
		{01939301-8BDA-445B-9B83-9761B2E149BE}.Release|x86.Build.0 = Release|Win32
	EndGlobalSection
	GlobalSection(SolutionProperties) = preSolution
		HideSolutionNode = FALSE
	EndGlobalSection
	GlobalSection(ExtensibilityGlobals) = postSolution
		SolutionGuid = {34E63623-3346-4B95-BA59-EF2D16C21E98}
	EndGlobalSection
EndGlobal
